
Microsoft Visual Studio Solution File, Format Version 12.00
# Visual Studio Version 17
VisualStudioVersion = 17.0.32112.339
MinimumVisualStudioVersion = 10.0.40219.1
Project("{FAE04EC0-301F-11D3-BF4B-00C04F79EFBC}") = "teste", "teste\teste.csproj", "{BFCA9C51-C541-4C6E-B7B2-8A40E1CE39A5}"
EndProject
Global
	GlobalSection(SolutionConfigurationPlatforms) = preSolution
		Debug|Any CPU = Debug|Any CPU
		Release|Any CPU = Release|Any CPU
	EndGlobalSection
	GlobalSection(ProjectConfigurationPlatforms) = postSolution
		{BFCA9C51-C541-4C6E-B7B2-8A40E1CE39A5}.Debug|Any CPU.ActiveCfg = Debug|Any CPU
		{BFCA9C51-C541-4C6E-B7B2-8A40E1CE39A5}.Debug|Any CPU.Build.0 = Debug|Any CPU
		{BFCA9C51-C541-4C6E-B7B2-8A40E1CE39A5}.Release|Any CPU.ActiveCfg = Release|Any CPU
		{BFCA9C51-C541-4C6E-B7B2-8A40E1CE39A5}.Release|Any CPU.Build.0 = Release|Any CPU
	EndGlobalSection
	GlobalSection(SolutionProperties) = preSolution
		HideSolutionNode = FALSE
	EndGlobalSection
	GlobalSection(ExtensibilityGlobals) = postSolution
		SolutionGuid = {877C66B8-3DF7-4EB4-9A14-E89A8B1BC03C}
	EndGlobalSection
EndGlobal
